PODS:
  - Alamofire (5.6.1)
  - Charts (4.1.0):
    - Charts/Core (= 4.1.0)
  - Charts/Core (4.1.0):
    - SwiftAlgorithms (~> 1.0)
  - MaterialComponents/AnimationTiming (124.2.0)
  - MaterialComponents/Availability (124.2.0)
  - MaterialComponents/Cards (124.2.0):
    - MaterialComponents/Elevation
    - MaterialComponents/Ink
    - MaterialComponents/private/Icons/ic_check_circle
    - MaterialComponents/private/Math
    - MaterialComponents/Ripple
    - MaterialComponents/ShadowLayer
    - MaterialComponents/Shapes
  - MaterialComponents/Elevation (124.2.0):
    - MaterialComponents/Availability
    - MaterialComponents/private/Color
    - MaterialComponents/private/Math
  - MaterialComponents/Ink (124.2.0):
    - MaterialComponents/Availability
    - MaterialComponents/private/Color
    - MaterialComponents/private/Math
  - MaterialComponents/private/Color (124.2.0):
    - MaterialComponents/Availability
  - MaterialComponents/private/Icons/Base (124.2.0)
  - MaterialComponents/private/Icons/ic_check_circle (124.2.0):
    - MaterialComponents/private/Icons/Base
  - MaterialComponents/private/Math (124.2.0)
  - MaterialComponents/Ripple (124.2.0):
    - MaterialComponents/AnimationTiming
    - MaterialComponents/Availability
    - MaterialComponents/private/Color
    - MaterialComponents/private/Math
  - MaterialComponents/ShadowElevations (124.2.0)
  - MaterialComponents/ShadowLayer (124.2.0):
    - MaterialComponents/ShadowElevations
  - MaterialComponents/Shapes (124.2.0):
    - MaterialComponents/private/Color
    - MaterialComponents/private/Math
    - MaterialComponents/ShadowLayer
  - SwiftAlgorithms (1.0.0)
  - SwiftyJSON (5.0.1)

DEPENDENCIES:
  - Alamofire
  - Charts
  - MaterialComponents/Cards
  - SwiftyJSON

SPEC REPOS:
  trunk:
    - Alamofire
    - Charts
    - MaterialComponents
    - SwiftAlgorithms
    - SwiftyJSON

SPEC CHECKSUMS:
  Alamofire: 87bd8c952f9a4454320fce00d9cc3de57bcadaf5
  Charts: ce0768268078eee0336f122c3c4ca248e4e204c5
  MaterialComponents: 1a9b2d9d45b1601ae544de85089adc4c464306d4
  SwiftAlgorithms: 38dda4731d19027fdeee1125f973111bf3386b53
  SwiftyJSON: 2f33a42c6fbc52764d96f13368585094bfd8aa5e

PODFILE CHECKSUM: dfedf2e8676a4a201f85b393fb40fbd579077203

COCOAPODS: 1.11.3
